schema: '2.0'
stages:
  train_file_new:
    cmd: python train_file_new.py --img 640 --batch 32 --epochs 2 --data coco128.yaml
      --weights yolov5n.pt
    outs:
    - path: new_timing_info.json
      md5: 59707996a6bdc70c9c7f6acaa9602f4e
      size: 203
  detect_file_new:
    cmd: python detect_file_new.py --weights best.pt --source /content/drive/MyDrive/DVC/test
    deps:
    - path: new_timing_info.json
      md5: 59707996a6bdc70c9c7f6acaa9602f4e
      size: 203
    outs:
    - path: detect_timing_info.json
      md5: 8bcce7a41250f991eb7533d00ef59937
      size: 48
