schema: '2.0'
stages:
  train_file_new:
    cmd: python train_file_new.py --img 640 --batch 32 --epochs 2 --data coco128.yaml
      --weights yolov5n.pt
    outs:
    - path: new_timing_info.json
      md5: 51212cfde9aae44cfe409ba0c005cba4
      size: 204
  detect_file_new:
    cmd: python detect_file_new.py --weights best.pt --source /content/drive/MyDrive/DVC/test
    deps:
    - path: new_timing_info.json
      md5: 51212cfde9aae44cfe409ba0c005cba4
      size: 204
    outs:
    - path: detect_timing_info.json
      md5: 354a38f55c2c67620db49a43fe584eed
      size: 48
